
Microsoft Visual Studio Solution File, Format Version 12.00
# Visual Studio Version 16
VisualStudioVersion = 16.0.30225.117
MinimumVisualStudioVersion = 10.0.40219.1
Project("{9A19103F-16F7-4668-BE54-9A1E7A4F7556}") = "TicketReSail", "TicketReSail\TicketReSail.csproj", "{46B72BE3-A427-4870-9FB5-BA523931F81C}"
EndProject
Project("{FAE04EC0-301F-11D3-BF4B-00C04F79EFBC}") = "TicketReSail.Core", "TicketResail.Core\TicketReSail.Core.csproj", "{1049AE9A-9AC5-4211-8AA0-2DAA4E54BBE1}"
EndProject
Project("{FAE04EC0-301F-11D3-BF4B-00C04F79EFBC}") = "TicketReSail.DAL", "TicketResail.DAL\TicketReSail.DAL.csproj", "{0795DEB1-4588-48C7-A06F-2968545A352B}"
EndProject
Global
	GlobalSection(SolutionConfigurationPlatforms) = preSolution
		Debug|Any CPU = Debug|Any CPU
		Release|Any CPU = Release|Any CPU
	EndGlobalSection
	GlobalSection(ProjectConfigurationPlatforms) = postSolution
		{46B72BE3-A427-4870-9FB5-BA523931F81C}.Debug|Any CPU.ActiveCfg = Debug|Any CPU
		{46B72BE3-A427-4870-9FB5-BA523931F81C}.Debug|Any CPU.Build.0 = Debug|Any CPU
		{46B72BE3-A427-4870-9FB5-BA523931F81C}.Release|Any CPU.ActiveCfg = Release|Any CPU
		{46B72BE3-A427-4870-9FB5-BA523931F81C}.Release|Any CPU.Build.0 = Release|Any CPU
		{1049AE9A-9AC5-4211-8AA0-2DAA4E54BBE1}.Debug|Any CPU.ActiveCfg = Debug|Any CPU
		{1049AE9A-9AC5-4211-8AA0-2DAA4E54BBE1}.Debug|Any CPU.Build.0 = Debug|Any CPU
		{1049AE9A-9AC5-4211-8AA0-2DAA4E54BBE1}.Release|Any CPU.ActiveCfg = Release|Any CPU
		{1049AE9A-9AC5-4211-8AA0-2DAA4E54BBE1}.Release|Any CPU.Build.0 = Release|Any CPU
		{0795DEB1-4588-48C7-A06F-2968545A352B}.Debug|Any CPU.ActiveCfg = Debug|Any CPU
		{0795DEB1-4588-48C7-A06F-2968545A352B}.Debug|Any CPU.Build.0 = Debug|Any CPU
		{0795DEB1-4588-48C7-A06F-2968545A352B}.Release|Any CPU.ActiveCfg = Release|Any CPU
		{0795DEB1-4588-48C7-A06F-2968545A352B}.Release|Any CPU.Build.0 = Release|Any CPU
	EndGlobalSection
	GlobalSection(SolutionProperties) = preSolution
		HideSolutionNode = FALSE
	EndGlobalSection
	GlobalSection(ExtensibilityGlobals) = postSolution
		SolutionGuid = {7C0B5ED1-48D3-4735-8988-E7C70F6FE2B7}
	EndGlobalSection
EndGlobal
